{
  "name": "catimagesender",
  "version": "1.0.0",
  "lockfileVersion": 1,
  "requires": true,
  "dependencies": {
    "random-meow": {
      "version": "3.6.1",
      "resolved": "https://registry.npmjs.org/random-meow/-/random-meow-3.6.1.tgz",
      "integrity": "sha512-rxpWTH7GBQMGl3J5btTMObfcIKEvRwtwwXbiTxMxXKU/H0BI0HPzjTWLFEBG8azMRa+3TVk5AhuM4gXupYpAHw=="
    }
  }
}
